
Microsoft Visual Studio Solution File, Format Version 12.00
# Visual Studio 2012
Project("{FAE04EC0-301F-11D3-BF4B-00C04F79EFBC}") = "NetSort", "NetSort\NetSort.csproj", "{5D8E442D-BD79-41C8-9E3A-227F5C6D83A4}"
EndProject
Project("{FAE04EC0-301F-11D3-BF4B-00C04F79EFBC}") = "NetSort.UnitTests", "NetSort.UnitTests\NetSort.UnitTests.csproj", "{F2C92D76-1D8B-45BE-B497-C556522150A0}"
EndProject
Global
	GlobalSection(SolutionConfigurationPlatforms) = preSolution
		Debug|Any CPU = Debug|Any CPU
		Release|Any CPU = Release|Any CPU
	EndGlobalSection
	GlobalSection(ProjectConfigurationPlatforms) = postSolution
		{5D8E442D-BD79-41C8-9E3A-227F5C6D83A4}.Debug|Any CPU.ActiveCfg = Debug|Any CPU
		{5D8E442D-BD79-41C8-9E3A-227F5C6D83A4}.Debug|Any CPU.Build.0 = Debug|Any CPU
		{5D8E442D-BD79-41C8-9E3A-227F5C6D83A4}.Release|Any CPU.ActiveCfg = Release|Any CPU
		{5D8E442D-BD79-41C8-9E3A-227F5C6D83A4}.Release|Any CPU.Build.0 = Release|Any CPU
		{F2C92D76-1D8B-45BE-B497-C556522150A0}.Debug|Any CPU.ActiveCfg = Debug|Any CPU
		{F2C92D76-1D8B-45BE-B497-C556522150A0}.Debug|Any CPU.Build.0 = Debug|Any CPU
		{F2C92D76-1D8B-45BE-B497-C556522150A0}.Release|Any CPU.ActiveCfg = Release|Any CPU
		{F2C92D76-1D8B-45BE-B497-C556522150A0}.Release|Any CPU.Build.0 = Release|Any CPU
	EndGlobalSection
EndGlobal
